// !$*UTF8*$!
{
	archiveVersion = 1;
	classes = {
	};
	objectVersion = 46;
	objects = {

/* Begin PBXBuildFile section */
		2C99A21B1BF6FDD800D8BD24 /* AppDelegate.swift in Sources */ = {isa = PBXBuildFile; fileRef = 2C99A21A1BF6FDD800D8BD24 /* AppDelegate.swift */; };
		2C99A21D1BF6FDD800D8BD24 /* ViewController.swift in Sources */ = {isa = PBXBuildFile; fileRef = 2C99A21C1BF6FDD800D8BD24 /* ViewController.swift */; };
		2C99A2201BF6FDD800D8BD24 /* Main.storyboard in Resources */ = {isa = PBXBuildFile; fileRef = 2C99A21E1BF6FDD800D8BD24 /* Main.storyboard */; };
		2C99A2231BF6FDD800D8BD24 /* QUEER.xcdatamodeld in Sources */ = {isa = PBXBuildFile; fileRef = 2C99A2211BF6FDD800D8BD24 /* QUEER.xcdatamodeld */; };
		2C99A2251BF6FDD800D8BD24 /* Assets.xcassets in Resources */ = {isa = PBXBuildFile; fileRef = 2C99A2241BF6FDD800D8BD24 /* Assets.xcassets */; };
		2C99A2281BF6FDD800D8BD24 /* LaunchScreen.storyboard in Resources */ = {isa = PBXBuildFile; fileRef = 2C99A2261BF6FDD800D8BD24 /* LaunchScreen.storyboard */; };
		2C99A2331BF6FDD800D8BD24 /* QUEERTests.swift in Sources */ = {isa = PBXBuildFile; fileRef = 2C99A2321BF6FDD800D8BD24 /* QUEERTests.swift */; };
		2C99A23E1BF6FDD800D8BD24 /* QUEERUITests.swift in Sources */ = {isa = PBXBuildFile; fileRef = 2C99A23D1BF6FDD800D8BD24 /* QUEERUITests.swift */; };
		EDDF99FABC60774BECDC6A3C /* Pods_QUEER.framework in Frameworks */ = {isa = PBXBuildFile; fileRef = CEADE426B4A360331389B2DE /* Pods_QUEER.framework */; };
/* End PBXBuildFile section */

/* Begin PBXContainerItemProxy section */
		2C99A22F1BF6FDD800D8BD24 /* PBXContainerItemProxy */ = {
			isa = PBXContainerItemProxy;
			containerPortal = 2C99A20F1BF6FDD800D8BD24 /* Project object */;
			proxyType = 1;
			remoteGlobalIDString = 2C99A2161BF6FDD800D8BD24;
			remoteInfo = QUEER;
		};
		2C99A23A1BF6FDD800D8BD24 /* PBXContainerItemProxy */ = {
			isa = PBXContainerItemProxy;
			containerPortal = 2C99A20F1BF6FDD800D8BD24 /* Project object */;
			proxyType = 1;
			remoteGlobalIDString = 2C99A2161BF6FDD800D8BD24;
			remoteInfo = QUEER;
		};
/* End PBXContainerItemProxy section */

/* Begin PBXFileReference section */
		205B1D4EEE36CFADC9EFDB5F /* Pods-QUEER.debug.xcconfig */ = {isa = PBXFileReference; includeInIndex = 1; lastKnownFileType = text.xcconfig; name = "Pods-QUEER.debug.xcconfig"; path = "Pods/Target Support Files/Pods-QUEER/Pods-QUEER.debug.xcconfig"; sourceTree = "<group>"; };
		2C99A2171BF6FDD800D8BD24 /* QUEER.app */ = {isa = PBXFileReference; explicitFileType = wrapper.application; includeInIndex = 0; path = QUEER.app; sourceTree = BUILT_PRODUCTS_DIR; };
		2C99A21A1BF6FDD800D8BD24 /* AppDelegate.swift */ = {isa = PBXFileReference; lastKnownFileType = sourcecode.swift; path = AppDelegate.swift; sourceTree = "<group>"; };
		2C99A21C1BF6FDD800D8BD24 /* ViewController.swift */ = {isa = PBXFileReference; lastKnownFileType = sourcecode.swift; path = ViewController.swift; sourceTree = "<group>"; };
		2C99A21F1BF6FDD800D8BD24 /* Base */ = {isa = PBXFileReference; lastKnownFileType = file.storyboard; name = Base; path = Base.lproj/Main.storyboard; sourceTree = "<group>"; };
		2C99A2221BF6FDD800D8BD24 /* QUEER.xcdatamodel */ = {isa = PBXFileReference; lastKnownFileType = wrapper.xcdatamodel; path = QUEER.xcdatamodel; sourceTree = "<group>"; };
		2C99A2241BF6FDD800D8BD24 /* Assets.xcassets */ = {isa = PBXFileReference; lastKnownFileType = folder.assetcatalog; path = Assets.xcassets; sourceTree = "<group>"; };
		2C99A2271BF6FDD800D8BD24 /* Base */ = {isa = PBXFileReference; lastKnownFileType = file.storyboard; name = Base; path = Base.lproj/LaunchScreen.storyboard; sourceTree = "<group>"; };
		2C99A2291BF6FDD800D8BD24 /* Info.plist */ = {isa = PBXFileReference; lastKnownFileType = text.plist.xml; path = Info.plist; sourceTree = "<group>"; };
		2C99A22E1BF6FDD800D8BD24 /* QUEERTests.xctest */ = {isa = PBXFileReference; explicitFileType = wrapper.cfbundle; includeInIndex = 0; path = QUEERTests.xctest; sourceTree = BUILT_PRODUCTS_DIR; };
		2C99A2321BF6FDD800D8BD24 /* QUEERTests.swift */ = {isa = PBXFileReference; lastKnownFileType = sourcecode.swift; path = QUEERTests.swift; sourceTree = "<group>"; };
		2C99A2341BF6FDD800D8BD24 /* Info.plist */ = {isa = PBXFileReference; lastKnownFileType = text.plist.xml; path = Info.plist; sourceTree = "<group>"; };
		2C99A2391BF6FDD800D8BD24 /* QUEERUITests.xctest */ = {isa = PBXFileReference; explicitFileType = wrapper.cfbundle; includeInIndex = 0; path = QUEERUITests.xctest; sourceTree = BUILT_PRODUCTS_DIR; };
		2C99A23D1BF6FDD800D8BD24 /* QUEERUITests.swift */ = {isa = PBXFileReference; lastKnownFileType = sourcecode.swift; path = QUEERUITests.swift; sourceTree = "<group>"; };
		2C99A23F1BF6FDD800D8BD24 /* Info.plist */ = {isa = PBXFileReference; lastKnownFileType = text.plist.xml; path = Info.plist; sourceTree = "<group>"; };
		B82CD0818352309DB62BD3C5 /* Pods-QUEER.release.xcconfig */ = {isa = PBXFileReference; includeInIndex = 1; lastKnownFileType = text.xcconfig; name = "Pods-QUEER.release.xcconfig"; path = "Pods/Target Support Files/Pods-QUEER/Pods-QUEER.release.xcconfig"; sourceTree = "<group>"; };
		CEADE426B4A360331389B2DE /* Pods_QUEER.framework */ = {isa = PBXFileReference; explicitFileType = wrapper.framework; includeInIndex = 0; path = Pods_QUEER.framework; sourceTree = BUILT_PRODUCTS_DIR; };
/* End PBXFileReference section */

/* Begin PBXFrameworksBuildPhase section */
		2C99A2141BF6FDD800D8BD24 /* Frameworks */ = {
			isa = PBXFrameworksBuildPhase;
			buildActionMask = 2147483647;
			files = (
				EDDF99FABC60774BECDC6A3C /* Pods_QUEER.framework in Frameworks */,
			);
			runOnlyForDeploymentPostprocessing = 0;
		};
		2C99A22B1BF6FDD800D8BD24 /* Frameworks */ = {
			isa = PBXFrameworksBuildPhase;
			buildActionMask = 2147483647;
			files = (
			);
			runOnlyForDeploymentPostprocessing = 0;
		};
		2C99A2361BF6FDD800D8BD24 /* Frameworks */ = {
			isa = PBXFrameworksBuildPhase;
			buildActionMask = 2147483647;
			files = (
			);
			runOnlyForDeploymentPostprocessing = 0;
		};
/* End PBXFrameworksBuildPhase section */

/* Begin PBXGroup section */
		034C8AB90DD24E562C94D427 /* Frameworks */ = {
			isa = PBXGroup;
			children = (
				CEADE426B4A360331389B2DE /* Pods_QUEER.framework */,
			);
			name = Frameworks;
			sourceTree = "<group>";
		};
		055FE5E40900A5B3478D8A00 /* Pods */ = {
			isa = PBXGroup;
			children = (
				205B1D4EEE36CFADC9EFDB5F /* Pods-QUEER.debug.xcconfig */,
				B82CD0818352309DB62BD3C5 /* Pods-QUEER.release.xcconfig */,
			);
			name = Pods;
			sourceTree = "<group>";
		};
		2C99A20E1BF6FDD800D8BD24 = {
			isa = PBXGroup;
			children = (
				2C99A2191BF6FDD800D8BD24 /* QUEER */,
				2C99A2311BF6FDD800D8BD24 /* QUEERTests */,
				2C99A23C1BF6FDD800D8BD24 /* QUEERUITests */,
				2C99A2181BF6FDD800D8BD24 /* Products */,
				055FE5E40900A5B3478D8A00 /* Pods */,
				034C8AB90DD24E562C94D427 /* Frameworks */,
			);
			sourceTree = "<group>";
		};
		2C99A2181BF6FDD800D8BD24 /* Products */ = {
			isa = PBXGroup;
			children = (
				2C99A2171BF6FDD800D8BD24 /* QUEER.app */,
				2C99A22E1BF6FDD800D8BD24 /* QUEERTests.xctest */,
				2C99A2391BF6FDD800D8BD24 /* QUEERUITests.xctest */,
			);
			name = Products;
			sourceTree = "<group>";
		};
		2C99A2191BF6FDD800D8BD24 /* QUEER */ = {
			isa = PBXGroup;
			children = (
				2C99A21A1BF6FDD800D8BD24 /* AppDelegate.swift */,
				2C99A21C1BF6FDD800D8BD24 /* ViewController.swift */,
				2C99A21E1BF6FDD800D8BD24 /* Main.storyboard */,
				2C99A2241BF6FDD800D8BD24 /* Assets.xcassets */,
				2C99A2261BF6FDD800D8BD24 /* LaunchScreen.storyboard */,
				2C99A2291BF6FDD800D8BD24 /* Info.plist */,
				2C99A2211BF6FDD800D8BD24 /* QUEER.xcdatamodeld */,
			);
			path = QUEER;
			sourceTree = "<group>";
		};
		2C99A2311BF6FDD800D8BD24 /* QUEERTests */ = {
			isa = PBXGroup;
			children = (
				2C99A2321BF6FDD800D8BD24 /* QUEERTests.swift */,
				2C99A2341BF6FDD800D8BD24 /* Info.plist */,
			);
			path = QUEERTests;
			sourceTree = "<group>";
		};
		2C99A23C1BF6FDD800D8BD24 /* QUEERUITests */ = {
			isa = PBXGroup;
			children = (
				2C99A23D1BF6FDD800D8BD24 /* QUEERUITests.swift */,
				2C99A23F1BF6FDD800D8BD24 /* Info.plist */,
			);
			path = QUEERUITests;
			sourceTree = "<group>";
		};
/* End PBXGroup section */

/* Begin PBXNativeTarget section */
		2C99A2161BF6FDD800D8BD24 /* QUEER */ = {
			isa = PBXNativeTarget;
			buildConfigurationList = 2C99A2421BF6FDD800D8BD24 /* Build configuration list for PBXNativeTarget "QUEER" */;
			buildPhases = (
				5EB1B262ED91744C94475F00 /* Check Pods Manifest.lock */,
				2C99A2131BF6FDD800D8BD24 /* Sources */,
				2C99A2141BF6FDD800D8BD24 /* Frameworks */,
				2C99A2151BF6FDD800D8BD24 /* Resources */,
				605F8F5D8697A0EACF87F763 /* Embed Pods Frameworks */,
				4C63735E46E540A218BAA40C /* Copy Pods Resources */,
			);
			buildRules = (
			);
			dependencies = (
			);
			name = QUEER;
			productName = QUEER;
			productReference = 2C99A2171BF6FDD800D8BD24 /* QUEER.app */;
			productType = "com.apple.product-type.application";
		};
		2C99A22D1BF6FDD800D8BD24 /* QUEERTests */ = {
			isa = PBXNativeTarget;
			buildConfigurationList = 2C99A2451BF6FDD800D8BD24 /* Build configuration list for PBXNativeTarget "QUEERTests" */;
			buildPhases = (
				2C99A22A1BF6FDD800D8BD24 /* Sources */,
				2C99A22B1BF6FDD800D8BD24 /* Frameworks */,
				2C99A22C1BF6FDD800D8BD24 /* Resources */,
			);
			buildRules = (
			);
			dependencies = (
				2C99A2301BF6FDD800D8BD24 /* PBXTargetDependency */,
			);
			name = QUEERTests;
			productName = QUEERTests;
			productReference = 2C99A22E1BF6FDD800D8BD24 /* QUEERTests.xctest */;
			productType = "com.apple.product-type.bundle.unit-test";
		};
		2C99A2381BF6FDD800D8BD24 /* QUEERUITests */ = {
			isa = PBXNativeTarget;
			buildConfigurationList = 2C99A2481BF6FDD800D8BD24 /* Build configuration list for PBXNativeTarget "QUEERUITests" */;
			buildPhases = (
				2C99A2351BF6FDD800D8BD24 /* Sources */,
				2C99A2361BF6FDD800D8BD24 /* Frameworks */,
				2C99A2371BF6FDD800D8BD24 /* Resources */,
			);
			buildRules = (
			);
			dependencies = (
				2C99A23B1BF6FDD800D8BD24 /* PBXTargetDependency */,
			);
			name = QUEERUITests;
			productName = QUEERUITests;
			productReference = 2C99A2391BF6FDD800D8BD24 /* QUEERUITests.xctest */;
			productType = "com.apple.product-type.bundle.ui-testing";
		};
/* End PBXNativeTarget section */

/* Begin PBXProject section */
		2C99A20F1BF6FDD800D8BD24 /* Project object */ = {
			isa = PBXProject;
			attributes = {
				LastSwiftUpdateCheck = 0710;
				LastUpgradeCheck = 0710;
				ORGANIZATIONNAME = "Eddie Chen";
				TargetAttributes = {
					2C99A2161BF6FDD800D8BD24 = {
						CreatedOnToolsVersion = 7.1;
					};
					2C99A22D1BF6FDD800D8BD24 = {
						CreatedOnToolsVersion = 7.1;
						TestTargetID = 2C99A2161BF6FDD800D8BD24;
					};
					2C99A2381BF6FDD800D8BD24 = {
						CreatedOnToolsVersion = 7.1;
						TestTargetID = 2C99A2161BF6FDD800D8BD24;
					};
				};
			};
			buildConfigurationList = 2C99A2121BF6FDD800D8BD24 /* Build configuration list for PBXProject "QUEER" */;
			compatibilityVersion = "Xcode 3.2";
			developmentRegion = English;
			hasScannedForEncodings = 0;
			knownRegions = (
				en,
				Base,
			);
			mainGroup = 2C99A20E1BF6FDD800D8BD24;
			productRefGroup = 2C99A2181BF6FDD800D8BD24 /* Products */;
			projectDirPath = "";
			projectRoot = "";
			targets = (
				2C99A2161BF6FDD800D8BD24 /* QUEER */,
				2C99A22D1BF6FDD800D8BD24 /* QUEERTests */,
				2C99A2381BF6FDD800D8BD24 /* QUEERUITests */,
			);
		};
/* End PBXProject section */

/* Begin PBXResourcesBuildPhase section */
		2C99A2151BF6FDD800D8BD24 /* Resources */ = {
			isa = PBXResourcesBuildPhase;
			buildActionMask = 2147483647;
			files = (
				2C99A2281BF6FDD800D8BD24 /* LaunchScreen.storyboard in Resources */,
				2C99A2251BF6FDD800D8BD24 /* Assets.xcassets in Resources */,
				2C99A2201BF6FDD800D8BD24 /* Main.storyboard in Resources */,
			);
			runOnlyForDeploymentPostprocessing = 0;
		};
		2C99A22C1BF6FDD800D8BD24 /* Resources */ = {
			isa = PBXResourcesBuildPhase;
			buildActionMask = 2147483647;
			files = (
			);
			runOnlyForDeploymentPostprocessing = 0;
		};
		2C99A2371BF6FDD800D8BD24 /* Resources */ = {
			isa = PBXResourcesBuildPhase;
			buildActionMask = 2147483647;
			files = (
			);
			runOnlyForDeploymentPostprocessing = 0;
		};
/* End PBXResourcesBuildPhase section */

/* Begin PBXShellScriptBuildPhase section */
		4C63735E46E540A218BAA40C /* Copy Pods Resources */ = {
			isa = PBXShellScriptBuildPhase;
			buildActionMask = 2147483647;
			files = (
			);
			inputPaths = (
			);
			name = "Copy Pods Resources";
			outputPaths = (
			);
			runOnlyForDeploymentPostprocessing = 0;
			shellPath = /bin/sh;
			shellScript = "\"${SRCROOT}/Pods/Target Support Files/Pods-QUEER/Pods-QUEER-resources.sh\"\n";
			showEnvVarsInLog = 0;
		};
		5EB1B262ED91744C94475F00 /* Check Pods Manifest.lock */ = {
			isa = PBXShellScriptBuildPhase;
			buildActionMask = 2147483647;
			files = (
			);
			inputPaths = (
			);
			name = "Check Pods Manifest.lock";
			outputPaths = (
			);
			runOnlyForDeploymentPostprocessing = 0;
			shellPath = /bin/sh;
			shellScript = "diff \"${PODS_ROOT}/../Podfile.lock\" \"${PODS_ROOT}/Manifest.lock\" > /dev/null\nif [[ $? != 0 ]] ; then\n    cat << EOM\nerror: The sandbox is not in sync with the Podfile.lock. Run 'pod install' or update your CocoaPods installation.\nEOM\n    exit 1\nfi\n";
			showEnvVarsInLog = 0;
		};
		605F8F5D8697A0EACF87F763 /* Embed Pods Frameworks */ = {
			isa = PBXShellScriptBuildPhase;
			buildActionMask = 2147483647;
			files = (
			);
			inputPaths = (
			);
			name = "Embed Pods Frameworks";
			outputPaths = (
			);
			runOnlyForDeploymentPostprocessing = 0;
			shellPath = /bin/sh;
			shellScript = "\"${SRCROOT}/Pods/Target Support Files/Pods-QUEER/Pods-QUEER-frameworks.sh\"\n";
			showEnvVarsInLog = 0;
		};
/* End PBXShellScriptBuildPhase section */

/* Begin PBXSourcesBuildPhase section */
		2C99A2131BF6FDD800D8BD24 /* Sources */ = {
			isa = PBXSourcesBuildPhase;
			buildActionMask = 2147483647;
			files = (
				2C99A21D1BF6FDD800D8BD24 /* ViewController.swift in Sources */,
				2C99A21B1BF6FDD800D8BD24 /* AppDelegate.swift in Sources */,
				2C99A2231BF6FDD800D8BD24 /* QUEER.xcdatamodeld in Sources */,
			);
			runOnlyForDeploymentPostprocessing = 0;
		};
		2C99A22A1BF6FDD800D8BD24 /* Sources */ = {
			isa = PBXSourcesBuildPhase;
			buildActionMask = 2147483647;
			files = (
				2C99A2331BF6FDD800D8BD24 /* QUEERTests.swift in Sources */,
			);
			runOnlyForDeploymentPostprocessing = 0;
		};
		2C99A2351BF6FDD800D8BD24 /* Sources */ = {
			isa = PBXSourcesBuildPhase;
			buildActionMask = 2147483647;
			files = (
				2C99A23E1BF6FDD800D8BD24 /* QUEERUITests.swift in Sources */,
			);
			runOnlyForDeploymentPostprocessing = 0;
		};
/* End PBXSourcesBuildPhase section */

/* Begin PBXTargetDependency section */
		2C99A2301BF6FDD800D8BD24 /* PBXTargetDependency */ = {
			isa = PBXTargetDependency;
			target = 2C99A2161BF6FDD800D8BD24 /* QUEER */;
			targetProxy = 2C99A22F1BF6FDD800D8BD24 /* PBXContainerItemProxy */;
		};
		2C99A23B1BF6FDD800D8BD24 /* PBXTargetDependency */ = {
			isa = PBXTargetDependency;
			target = 2C99A2161BF6FDD800D8BD24 /* QUEER */;
			targetProxy = 2C99A23A1BF6FDD800D8BD24 /* PBXContainerItemProxy */;
		};
/* End PBXTargetDependency section */

/* Begin PBXVariantGroup section */
		2C99A21E1BF6FDD800D8BD24 /* Main.storyboard */ = {
			isa = PBXVariantGroup;
			children = (
				2C99A21F1BF6FDD800D8BD24 /* Base */,
			);
			name = Main.storyboard;
			sourceTree = "<group>";
		};
		2C99A2261BF6FDD800D8BD24 /* LaunchScreen.storyboard */ = {
			isa = PBXVariantGroup;
			children = (
				2C99A2271BF6FDD800D8BD24 /* Base */,
			);
			name = LaunchScreen.storyboard;
			sourceTree = "<group>";
		};
/* End PBXVariantGroup section */

/* Begin XCBuildConfiguration section */
		2C99A2401BF6FDD800D8BD24 /* Debug */ = {
			isa = XCBuildConfiguration;
			buildSettings = {
				ALWAYS_SEARCH_USER_PATHS = NO;
				CLANG_CXX_LANGUAGE_STANDARD = "gnu++0x";
				CLANG_CXX_LIBRARY = "libc++";
				CLANG_ENABLE_MODULES = YES;
				CLANG_ENABLE_OBJC_ARC = YES;
				CLANG_WARN_BOOL_CONVERSION = YES;
				CLANG_WARN_CONSTANT_CONVERSION = YES;
				CLANG_WARN_DIRECT_OBJC_ISA_USAGE = YES_ERROR;
				CLANG_WARN_EMPTY_BODY = YES;
				CLANG_WARN_ENUM_CONVERSION = YES;
				CLANG_WARN_INT_CONVERSION = YES;
				CLANG_WARN_OBJC_ROOT_CLASS = YES_ERROR;
				CLANG_WARN_UNREACHABLE_CODE = YES;
				CLANG_WARN__DUPLICATE_METHOD_MATCH = YES;
				"CODE_SIGN_IDENTITY[sdk=iphoneos*]" = "iPhone Developer";
				COPY_PHASE_STRIP = NO;
				DEBUG_INFORMATION_FORMAT = dwarf;
				ENABLE_STRICT_OBJC_MSGSEND = YES;
				ENABLE_TESTABILITY = YES;
				GCC_C_LANGUAGE_STANDARD = gnu99;
				GCC_DYNAMIC_NO_PIC = NO;
				GCC_NO_COMMON_BLOCKS = YES;
				GCC_OPTIMIZATION_LEVEL = 0;
				GCC_PREPROCESSOR_DEFINITIONS = (
					"DEBUG=1",
					"$(inherited)",
				);
				GCC_WARN_64_TO_32_BIT_CONVERSION = YES;
				GCC_WARN_ABOUT_RETURN_TYPE = YES_ERROR;
				GCC_WARN_UNDECLARED_SELECTOR = YES;
				GCC_WARN_UNINITIALIZED_AUTOS = YES_AGGRESSIVE;
				GCC_WARN_UNUSED_FUNCTION = YES;
				GCC_WARN_UNUSED_VARIABLE = YES;
				IPHONEOS_DEPLOYMENT_TARGET = 9.1;
				MTL_ENABLE_DEBUG_INFO = YES;
				ONLY_ACTIVE_ARCH = YES;
				SDKROOT = iphoneos;
				SWIFT_OPTIMIZATION_LEVEL = "-Onone";
				TARGETED_DEVICE_FAMILY = "1,2";
			};
			name = Debug;
		};
		2C99A2411BF6FDD800D8BD24 /* Release */ = {
			isa = XCBuildConfiguration;
			buildSettings = {
				ALWAYS_SEARCH_USER_PATHS = NO;
				CLANG_CXX_LANGUAGE_STANDARD = "gnu++0x";
				CLANG_CXX_LIBRARY = "libc++";
				CLANG_ENABLE_MODULES = YES;
				CLANG_ENABLE_OBJC_ARC = YES;
				CLANG_WARN_BOOL_CONVERSION = YES;
				CLANG_WARN_CONSTANT_CONVERSION = YES;
				CLANG_WARN_DIRECT_OBJC_ISA_USAGE = YES_ERROR;
				CLANG_WARN_EMPTY_BODY = YES;
				CLANG_WARN_ENUM_CONVERSION = YES;
				CLANG_WARN_INT_CONVERSION = YES;
				CLANG_WARN_OBJC_ROOT_CLASS = YES_ERROR;
				CLANG_WARN_UNREACHABLE_CODE = YES;
				CLANG_WARN__DUPLICATE_METHOD_MATCH = YES;
				"CODE_SIGN_IDENTITY[sdk=iphoneos*]" = "iPhone Developer";
				COPY_PHASE_STRIP = NO;
				DEBUG_INFORMATION_FORMAT = "dwarf-with-dsym";
				ENABLE_NS_ASSERTIONS = NO;
				ENABLE_STRICT_OBJC_MSGSEND = YES;
				GCC_C_LANGUAGE_STANDARD = gnu99;
				GCC_NO_COMMON_BLOCKS = YES;
				GCC_WARN_64_TO_32_BIT_CONVERSION = YES;
				GCC_WARN_ABOUT_RETURN_TYPE = YES_ERROR;
				GCC_WARN_UNDECLARED_SELECTOR = YES;
				GCC_WARN_UNINITIALIZED_AUTOS = YES_AGGRESSIVE;
				GCC_WARN_UNUSED_FUNCTION = YES;
				GCC_WARN_UNUSED_VARIABLE = YES;
				IPHONEOS_DEPLOYMENT_TARGET = 9.1;
				MTL_ENABLE_DEBUG_INFO = NO;
				SDKROOT = iphoneos;
				TARGETED_DEVICE_FAMILY = "1,2";
				VALIDATE_PRODUCT = YES;
			};
			name = Release;
		};
		2C99A2431BF6FDD800D8BD24 /* Debug */ = {
			isa = XCBuildConfiguration;
			baseConfigurationReference = 205B1D4EEE36CFADC9EFDB5F /* Pods-QUEER.debug.xcconfig */;
			buildSettings = {
				ASSETCATALOG_COMPILER_APPICON_NAME = AppIcon;
				INFOPLIST_FILE = QUEER/Info.plist;
				LD_RUNPATH_SEARCH_PATHS = "$(inherited) @executable_path/Frameworks";
				PRODUCT_BUNDLE_IDENTIFIER = net.eddiechen.QUEER;
				PRODUCT_NAME = "$(TARGET_NAME)";
			};
			name = Debug;
		};
		2C99A2441BF6FDD800D8BD24 /* Release */ = {
			isa = XCBuildConfiguration;
			baseConfigurationReference = B82CD0818352309DB62BD3C5 /* Pods-QUEER.release.xcconfig */;
			buildSettings = {
				ASSETCATALOG_COMPILER_APPICON_NAME = AppIcon;
				INFOPLIST_FILE = QUEER/Info.plist;
				LD_RUNPATH_SEARCH_PATHS = "$(inherited) @executable_path/Frameworks";
				PRODUCT_BUNDLE_IDENTIFIER = net.eddiechen.QUEER;
				PRODUCT_NAME = "$(TARGET_NAME)";
			};
			name = Release;
		};
		2C99A2461BF6FDD800D8BD24 /* Debug */ = {
			isa = XCBuildConfiguration;
			buildSettings = {
				BUNDLE_LOADER = "$(TEST_HOST)";
				INFOPLIST_FILE = QUEERTests/Info.plist;
				LD_RUNPATH_SEARCH_PATHS = "$(inherited) @executable_path/Frameworks @loader_path/Frameworks";
				PRODUCT_BUNDLE_IDENTIFIER = net.eddiechen.QUEERTests;
				PRODUCT_NAME = "$(TARGET_NAME)";
				TEST_HOST = "$(BUILT_PRODUCTS_DIR)/QUEER.app/QUEER";
			};
			name = Debug;
		};
		2C99A2471BF6FDD800D8BD24 /* Release */ = {
			isa = XCBuildConfiguration;
			buildSettings = {
				BUNDLE_LOADER = "$(TEST_HOST)";
				INFOPLIST_FILE = QUEERTests/Info.plist;
				LD_RUNPATH_SEARCH_PATHS = "$(inherited) @executable_path/Frameworks @loader_path/Frameworks";
				PRODUCT_BUNDLE_IDENTIFIER = net.eddiechen.QUEERTests;
				PRODUCT_NAME = "$(TARGET_NAME)";
				TEST_HOST = "$(BUILT_PRODUCTS_DIR)/QUEER.app/QUEER";
			};
			name = Release;
		};
		2C99A2491BF6FDD800D8BD24 /* Debug */ = {
			isa = XCBuildConfiguration;
			buildSettings = {
				INFOPLIST_FILE = QUEERUITests/Info.plist;
				LD_RUNPATH_SEARCH_PATHS = "$(inherited) @executable_path/Frameworks @loader_path/Frameworks";
				PRODUCT_BUNDLE_IDENTIFIER = net.eddiechen.QUEERUITests;
				PRODUCT_NAME = "$(TARGET_NAME)";
				TEST_TARGET_NAME = QUEER;
				USES_XCTRUNNER = YES;
			};
			name = Debug;
		};
		2C99A24A1BF6FDD800D8BD24 /* Release */ = {
			isa = XCBuildConfiguration;
			buildSettings = {
				INFOPLIST_FILE = QUEERUITests/Info.plist;
				LD_RUNPATH_SEARCH_PATHS = "$(inherited) @executable_path/Frameworks @loader_path/Frameworks";
				PRODUCT_BUNDLE_IDENTIFIER = net.eddiechen.QUEERUITests;
				PRODUCT_NAME = "$(TARGET_NAME)";
				TEST_TARGET_NAME = QUEER;
				USES_XCTRUNNER = YES;
			};
			name = Release;
		};
/* End XCBuildConfiguration section */

/* Begin XCConfigurationList section */
		2C99A2121BF6FDD800D8BD24 /* Build configuration list for PBXProject "QUEER" */ = {
			isa = XCConfigurationList;
			buildConfigurations = (
				2C99A2401BF6FDD800D8BD24 /* Debug */,
				2C99A2411BF6FDD800D8BD24 /* Release */,
			);
			defaultConfigurationIsVisible = 0;
			defaultConfigurationName = Release;
		};
		2C99A2421BF6FDD800D8BD24 /* Build configuration list for PBXNativeTarget "QUEER" */ = {
			isa = XCConfigurationList;
			buildConfigurations = (
				2C99A2431BF6FDD800D8BD24 /* Debug */,
				2C99A2441BF6FDD800D8BD24 /* Release */,
			);
			defaultConfigurationIsVisible = 0;
			defaultConfigurationName = Release;
		};
		2C99A2451BF6FDD800D8BD24 /* Build configuration list for PBXNativeTarget "QUEERTests" */ = {
			isa = XCConfigurationList;
			buildConfigurations = (
				2C99A2461BF6FDD800D8BD24 /* Debug */,
				2C99A2471BF6FDD800D8BD24 /* Release */,
			);
			defaultConfigurationIsVisible = 0;
			defaultConfigurationName = Release;
		};
		2C99A2481BF6FDD800D8BD24 /* Build configuration list for PBXNativeTarget "QUEERUITests" */ = {
			isa = XCConfigurationList;
			buildConfigurations = (
				2C99A2491BF6FDD800D8BD24 /* Debug */,
				2C99A24A1BF6FDD800D8BD24 /* Release */,
			);
			defaultConfigurationIsVisible = 0;
			defaultConfigurationName = Release;
		};
/* End XCConfigurationList section */

/* Begin XCVersionGroup section */
		2C99A2211BF6FDD800D8BD24 /* QUEER.xcdatamodeld */ = {
			isa = XCVersionGroup;
			children = (
				2C99A2221BF6FDD800D8BD24 /* QUEER.xcdatamodel */,
			);
			currentVersion = 2C99A2221BF6FDD800D8BD24 /* QUEER.xcdatamodel */;
			path = QUEER.xcdatamodeld;
			sourceTree = "<group>";
			versionGroupType = wrapper.xcdatamodel;
		};
/* End XCVersionGroup section */
	};
	rootObject = 2C99A20F1BF6FDD800D8BD24 /* Project object */;
}
